
Microsoft Visual Studio Solution File, Format Version 12.00
# Visual Studio Version 16
VisualStudioVersion = 16.0.29806.167
MinimumVisualStudioVersion = 10.0.40219.1
Project("{2150E333-8FDC-42A3-9474-1A3956D46DE8}") = "Microservices", "Microservices", "{43FB57B2-914F-45B3-88AF-AFA79076F36E}"
EndProject
Project("{2150E333-8FDC-42A3-9474-1A3956D46DE8}") = "Domain", "Domain", "{C43ABE89-621B-4113-AEA3-0A5F96829569}"
EndProject
Project("{2150E333-8FDC-42A3-9474-1A3956D46DE8}") = "Infra.Bus", "Infra.Bus", "{DA69FBF8-0B64-4B8D-ACCE-AC0E620763D1}"
EndProject
Project("{2150E333-8FDC-42A3-9474-1A3956D46DE8}") = "Infra.IoC", "Infra.IoC", "{1264C372-E435-4FAB-8C17-EC59192C91F0}"
EndProject
Project("{2150E333-8FDC-42A3-9474-1A3956D46DE8}") = "Presentation", "Presentation", "{930091F1-9574-44EB-A0EE-BF4162F7EC13}"
EndProject
Project("{FAE04EC0-301F-11D3-BF4B-00C04F79EFBC}") = "MicroRabbit.Domain.Core", "MicroRabbit.Domain.Core\MicroRabbit.Domain.Core.csproj", "{CEA5A269-FFF5-4E7C-A4D7-792763F96C62}"
EndProject
Project("{FAE04EC0-301F-11D3-BF4B-00C04F79EFBC}") = "MicroRabbit.Infra.Bus", "MicroRabbit.Infra.Bus\MicroRabbit.Infra.Bus.csproj", "{1B2CBB4D-4AA1-4363-A124-A43BA8B12B58}"
EndProject
Project("{FAE04EC0-301F-11D3-BF4B-00C04F79EFBC}") = "MicroRabbit.Infra.IoC", "MicroRabbit.Infra.IoC\MicroRabbit.Infra.IoC.csproj", "{A3AA45B5-91A5-404C-B0D7-A134E5CD9F66}"
EndProject
Global
	GlobalSection(SolutionConfigurationPlatforms) = preSolution
		Debug|Any CPU = Debug|Any CPU
		Release|Any CPU = Release|Any CPU
	EndGlobalSection
	GlobalSection(ProjectConfigurationPlatforms) = postSolution
		{CEA5A269-FFF5-4E7C-A4D7-792763F96C62}.Debug|Any CPU.ActiveCfg = Debug|Any CPU
		{CEA5A269-FFF5-4E7C-A4D7-792763F96C62}.Debug|Any CPU.Build.0 = Debug|Any CPU
		{CEA5A269-FFF5-4E7C-A4D7-792763F96C62}.Release|Any CPU.ActiveCfg = Release|Any CPU
		{CEA5A269-FFF5-4E7C-A4D7-792763F96C62}.Release|Any CPU.Build.0 = Release|Any CPU
		{1B2CBB4D-4AA1-4363-A124-A43BA8B12B58}.Debug|Any CPU.ActiveCfg = Debug|Any CPU
		{1B2CBB4D-4AA1-4363-A124-A43BA8B12B58}.Debug|Any CPU.Build.0 = Debug|Any CPU
		{1B2CBB4D-4AA1-4363-A124-A43BA8B12B58}.Release|Any CPU.ActiveCfg = Release|Any CPU
		{1B2CBB4D-4AA1-4363-A124-A43BA8B12B58}.Release|Any CPU.Build.0 = Release|Any CPU
		{A3AA45B5-91A5-404C-B0D7-A134E5CD9F66}.Debug|Any CPU.ActiveCfg = Debug|Any CPU
		{A3AA45B5-91A5-404C-B0D7-A134E5CD9F66}.Debug|Any CPU.Build.0 = Debug|Any CPU
		{A3AA45B5-91A5-404C-B0D7-A134E5CD9F66}.Release|Any CPU.ActiveCfg = Release|Any CPU
		{A3AA45B5-91A5-404C-B0D7-A134E5CD9F66}.Release|Any CPU.Build.0 = Release|Any CPU
	EndGlobalSection
	GlobalSection(SolutionProperties) = preSolution
		HideSolutionNode = FALSE
	EndGlobalSection
	GlobalSection(NestedProjects) = preSolution
		{CEA5A269-FFF5-4E7C-A4D7-792763F96C62} = {C43ABE89-621B-4113-AEA3-0A5F96829569}
		{1B2CBB4D-4AA1-4363-A124-A43BA8B12B58} = {DA69FBF8-0B64-4B8D-ACCE-AC0E620763D1}
		{A3AA45B5-91A5-404C-B0D7-A134E5CD9F66} = {1264C372-E435-4FAB-8C17-EC59192C91F0}
	EndGlobalSection
	GlobalSection(ExtensibilityGlobals) = postSolution
		SolutionGuid = {2A6D981F-9727-4667-8291-99F2D95512A0}
	EndGlobalSection
EndGlobal
