
Microsoft Visual Studio Solution File, Format Version 12.00
# Visual Studio Version 16
VisualStudioVersion = 16.0.29806.167
MinimumVisualStudioVersion = 10.0.40219.1
Project("{2150E333-8FDC-42A3-9474-1A3956D46DE8}") = "Microservices", "Microservices", "{43FB57B2-914F-45B3-88AF-AFA79076F36E}"
EndProject
Project("{2150E333-8FDC-42A3-9474-1A3956D46DE8}") = "Domain", "Domain", "{C43ABE89-621B-4113-AEA3-0A5F96829569}"
EndProject
Project("{2150E333-8FDC-42A3-9474-1A3956D46DE8}") = "Infra.Bus", "Infra.Bus", "{DA69FBF8-0B64-4B8D-ACCE-AC0E620763D1}"
EndProject
Project("{2150E333-8FDC-42A3-9474-1A3956D46DE8}") = "Infra.IoC", "Infra.IoC", "{1264C372-E435-4FAB-8C17-EC59192C91F0}"
EndProject
Project("{2150E333-8FDC-42A3-9474-1A3956D46DE8}") = "Presentation", "Presentation", "{930091F1-9574-44EB-A0EE-BF4162F7EC13}"
EndProject
Project("{FAE04EC0-301F-11D3-BF4B-00C04F79EFBC}") = "MicroRabbit.Domain.Core", "MicroRabbit.Domain.Core\MicroRabbit.Domain.Core.csproj", "{CEA5A269-FFF5-4E7C-A4D7-792763F96C62}"
EndProject
Project("{FAE04EC0-301F-11D3-BF4B-00C04F79EFBC}") = "MicroRabbit.Infra.Bus", "MicroRabbit.Infra.Bus\MicroRabbit.Infra.Bus.csproj", "{1B2CBB4D-4AA1-4363-A124-A43BA8B12B58}"
EndProject
Project("{FAE04EC0-301F-11D3-BF4B-00C04F79EFBC}") = "MicroRabbit.Infra.IoC", "MicroRabbit.Infra.IoC\MicroRabbit.Infra.IoC.csproj", "{A3AA45B5-91A5-404C-B0D7-A134E5CD9F66}"
EndProject
Project("{2150E333-8FDC-42A3-9474-1A3956D46DE8}") = "Banking", "Banking", "{631BC53A-54D9-4281-B97B-2B22762F64E1}"
EndProject
Project("{2150E333-8FDC-42A3-9474-1A3956D46DE8}") = "Api", "Api", "{0C34970A-59F5-4862-8018-4C6E1EA206E1}"
EndProject
Project("{2150E333-8FDC-42A3-9474-1A3956D46DE8}") = "Domain", "Domain", "{47B6E449-6768-4A0E-BB1B-5255E17D085C}"
EndProject
Project("{2150E333-8FDC-42A3-9474-1A3956D46DE8}") = "Data", "Data", "{F80C6380-CCDB-4564-8F5E-EB5C8036C880}"
EndProject
Project("{2150E333-8FDC-42A3-9474-1A3956D46DE8}") = "Application", "Application", "{3D02E167-9F29-41DF-A595-7D41A9AAA833}"
EndProject
Project("{FAE04EC0-301F-11D3-BF4B-00C04F79EFBC}") = "MicroRabbit.Banking.Api", "MicroRabbit.Banking.Api\MicroRabbit.Banking.Api.csproj", "{E251ECF6-415A-41E5-8F57-144C8A93EA46}"
EndProject
Project("{FAE04EC0-301F-11D3-BF4B-00C04F79EFBC}") = "MicroRabbit.Banking.Application", "MicroRabbit.Banking.Application\MicroRabbit.Banking.Application.csproj", "{94A64735-E9FD-4DA1-A6C0-9D67E697B707}"
EndProject
Project("{FAE04EC0-301F-11D3-BF4B-00C04F79EFBC}") = "MicroRabbit.Banking.Data", "MicroRabbit.Banking.Data\MicroRabbit.Banking.Data.csproj", "{15508CC0-1350-46F2-883D-23B21506924D}"
EndProject
Project("{FAE04EC0-301F-11D3-BF4B-00C04F79EFBC}") = "MicroRabbit.Banking.Domain", "MicroRabbit.Banking.Domain\MicroRabbit.Banking.Domain.csproj", "{F5644D03-8317-459A-9E61-3486EA3B438C}"
EndProject
Global
	GlobalSection(SolutionConfigurationPlatforms) = preSolution
		Debug|Any CPU = Debug|Any CPU
		Release|Any CPU = Release|Any CPU
	EndGlobalSection
	GlobalSection(ProjectConfigurationPlatforms) = postSolution
		{CEA5A269-FFF5-4E7C-A4D7-792763F96C62}.Debug|Any CPU.ActiveCfg = Debug|Any CPU
		{CEA5A269-FFF5-4E7C-A4D7-792763F96C62}.Debug|Any CPU.Build.0 = Debug|Any CPU
		{CEA5A269-FFF5-4E7C-A4D7-792763F96C62}.Release|Any CPU.ActiveCfg = Release|Any CPU
		{CEA5A269-FFF5-4E7C-A4D7-792763F96C62}.Release|Any CPU.Build.0 = Release|Any CPU
		{1B2CBB4D-4AA1-4363-A124-A43BA8B12B58}.Debug|Any CPU.ActiveCfg = Debug|Any CPU
		{1B2CBB4D-4AA1-4363-A124-A43BA8B12B58}.Debug|Any CPU.Build.0 = Debug|Any CPU
		{1B2CBB4D-4AA1-4363-A124-A43BA8B12B58}.Release|Any CPU.ActiveCfg = Release|Any CPU
		{1B2CBB4D-4AA1-4363-A124-A43BA8B12B58}.Release|Any CPU.Build.0 = Release|Any CPU
		{A3AA45B5-91A5-404C-B0D7-A134E5CD9F66}.Debug|Any CPU.ActiveCfg = Debug|Any CPU
		{A3AA45B5-91A5-404C-B0D7-A134E5CD9F66}.Debug|Any CPU.Build.0 = Debug|Any CPU
		{A3AA45B5-91A5-404C-B0D7-A134E5CD9F66}.Release|Any CPU.ActiveCfg = Release|Any CPU
		{A3AA45B5-91A5-404C-B0D7-A134E5CD9F66}.Release|Any CPU.Build.0 = Release|Any CPU
		{E251ECF6-415A-41E5-8F57-144C8A93EA46}.Debug|Any CPU.ActiveCfg = Debug|Any CPU
		{E251ECF6-415A-41E5-8F57-144C8A93EA46}.Debug|Any CPU.Build.0 = Debug|Any CPU
		{E251ECF6-415A-41E5-8F57-144C8A93EA46}.Release|Any CPU.ActiveCfg = Release|Any CPU
		{E251ECF6-415A-41E5-8F57-144C8A93EA46}.Release|Any CPU.Build.0 = Release|Any CPU
		{94A64735-E9FD-4DA1-A6C0-9D67E697B707}.Debug|Any CPU.ActiveCfg = Debug|Any CPU
		{94A64735-E9FD-4DA1-A6C0-9D67E697B707}.Debug|Any CPU.Build.0 = Debug|Any CPU
		{94A64735-E9FD-4DA1-A6C0-9D67E697B707}.Release|Any CPU.ActiveCfg = Release|Any CPU
		{94A64735-E9FD-4DA1-A6C0-9D67E697B707}.Release|Any CPU.Build.0 = Release|Any CPU
		{15508CC0-1350-46F2-883D-23B21506924D}.Debug|Any CPU.ActiveCfg = Debug|Any CPU
		{15508CC0-1350-46F2-883D-23B21506924D}.Debug|Any CPU.Build.0 = Debug|Any CPU
		{15508CC0-1350-46F2-883D-23B21506924D}.Release|Any CPU.ActiveCfg = Release|Any CPU
		{15508CC0-1350-46F2-883D-23B21506924D}.Release|Any CPU.Build.0 = Release|Any CPU
		{F5644D03-8317-459A-9E61-3486EA3B438C}.Debug|Any CPU.ActiveCfg = Debug|Any CPU
		{F5644D03-8317-459A-9E61-3486EA3B438C}.Debug|Any CPU.Build.0 = Debug|Any CPU
		{F5644D03-8317-459A-9E61-3486EA3B438C}.Release|Any CPU.ActiveCfg = Release|Any CPU
		{F5644D03-8317-459A-9E61-3486EA3B438C}.Release|Any CPU.Build.0 = Release|Any CPU
	EndGlobalSection
	GlobalSection(SolutionProperties) = preSolution
		HideSolutionNode = FALSE
	EndGlobalSection
	GlobalSection(NestedProjects) = preSolution
		{CEA5A269-FFF5-4E7C-A4D7-792763F96C62} = {C43ABE89-621B-4113-AEA3-0A5F96829569}
		{1B2CBB4D-4AA1-4363-A124-A43BA8B12B58} = {DA69FBF8-0B64-4B8D-ACCE-AC0E620763D1}
		{A3AA45B5-91A5-404C-B0D7-A134E5CD9F66} = {1264C372-E435-4FAB-8C17-EC59192C91F0}
		{631BC53A-54D9-4281-B97B-2B22762F64E1} = {43FB57B2-914F-45B3-88AF-AFA79076F36E}
		{0C34970A-59F5-4862-8018-4C6E1EA206E1} = {631BC53A-54D9-4281-B97B-2B22762F64E1}
		{47B6E449-6768-4A0E-BB1B-5255E17D085C} = {631BC53A-54D9-4281-B97B-2B22762F64E1}
		{F80C6380-CCDB-4564-8F5E-EB5C8036C880} = {631BC53A-54D9-4281-B97B-2B22762F64E1}
		{3D02E167-9F29-41DF-A595-7D41A9AAA833} = {631BC53A-54D9-4281-B97B-2B22762F64E1}
		{E251ECF6-415A-41E5-8F57-144C8A93EA46} = {0C34970A-59F5-4862-8018-4C6E1EA206E1}
		{94A64735-E9FD-4DA1-A6C0-9D67E697B707} = {3D02E167-9F29-41DF-A595-7D41A9AAA833}
		{15508CC0-1350-46F2-883D-23B21506924D} = {F80C6380-CCDB-4564-8F5E-EB5C8036C880}
		{F5644D03-8317-459A-9E61-3486EA3B438C} = {47B6E449-6768-4A0E-BB1B-5255E17D085C}
	EndGlobalSection
	GlobalSection(ExtensibilityGlobals) = postSolution
		SolutionGuid = {2A6D981F-9727-4667-8291-99F2D95512A0}
	EndGlobalSection
EndGlobal
